// !$*UTF8*$!
{
	archiveVersion = 1;
	classes = {
	};
	objectVersion = 48;
	objects = {

/* Begin PBXBuildFile section */
		BCB3EBF31FA95DBA002F21A0 /* AppDelegate.swift in Sources */ = {isa = PBXBuildFile; fileRef = BCB3EBF21FA95DBA002F21A0 /* AppDelegate.swift */; };
		BCB3EBF51FA95DBA002F21A0 /* LoginViewController.swift in Sources */ = {isa = PBXBuildFile; fileRef = BCB3EBF41FA95DBA002F21A0 /* LoginViewController.swift */; };
		BCB3EBF81FA95DBA002F21A0 /* Main.storyboard in Resources */ = {isa = PBXBuildFile; fileRef = BCB3EBF61FA95DBA002F21A0 /* Main.storyboard */; };
		BCB3EBFA1FA95DBA002F21A0 /* Assets.xcassets in Resources */ = {isa = PBXBuildFile; fileRef = BCB3EBF91FA95DBA002F21A0 /* Assets.xcassets */; };
		BCB3EBFD1FA95DBA002F21A0 /* LaunchScreen.storyboard in Resources */ = {isa = PBXBuildFile; fileRef = BCB3EBFB1FA95DBA002F21A0 /* LaunchScreen.storyboard */; };
		BCB3EC051FA95EBF002F21A0 /* SquadViewController.swift in Sources */ = {isa = PBXBuildFile; fileRef = BCB3EC041FA95EBF002F21A0 /* SquadViewController.swift */; };
		BCB3EC071FA95FE0002F21A0 /* SquadNameCell.swift in Sources */ = {isa = PBXBuildFile; fileRef = BCB3EC061FA95FE0002F21A0 /* SquadNameCell.swift */; };
		BCB3EC091FA96019002F21A0 /* ChallengeCell.swift in Sources */ = {isa = PBXBuildFile; fileRef = BCB3EC081FA96019002F21A0 /* ChallengeCell.swift */; };
		BCB3EC0B1FA96024002F21A0 /* WagerCell.swift in Sources */ = {isa = PBXBuildFile; fileRef = BCB3EC0A1FA96023002F21A0 /* WagerCell.swift */; };
		BCB3EC0D1FA96035002F21A0 /* MemberCell.swift in Sources */ = {isa = PBXBuildFile; fileRef = BCB3EC0C1FA96035002F21A0 /* MemberCell.swift */; };
		BCB3EC0F1FA96B1D002F21A0 /* Squad.swift in Sources */ = {isa = PBXBuildFile; fileRef = BCB3EC0E1FA96B1D002F21A0 /* Squad.swift */; };
		BCB3EC111FAA28A2002F21A0 /* TrackViewController.swift in Sources */ = {isa = PBXBuildFile; fileRef = BCB3EC101FAA28A2002F21A0 /* TrackViewController.swift */; };
/* End PBXBuildFile section */

/* Begin PBXFileReference section */
		BCB3EBEF1FA95DBA002F21A0 /* squad.app */ = {isa = PBXFileReference; explicitFileType = wrapper.application; includeInIndex = 0; path = squad.app; sourceTree = BUILT_PRODUCTS_DIR; };
		BCB3EBF21FA95DBA002F21A0 /* AppDelegate.swift */ = {isa = PBXFileReference; lastKnownFileType = sourcecode.swift; path = AppDelegate.swift; sourceTree = "<group>"; };
		BCB3EBF41FA95DBA002F21A0 /* LoginViewController.swift */ = {isa = PBXFileReference; lastKnownFileType = sourcecode.swift; path = LoginViewController.swift; sourceTree = "<group>"; };
		BCB3EBF71FA95DBA002F21A0 /* Base */ = {isa = PBXFileReference; lastKnownFileType = file.storyboard; name = Base; path = Base.lproj/Main.storyboard; sourceTree = "<group>"; };
		BCB3EBF91FA95DBA002F21A0 /* Assets.xcassets */ = {isa = PBXFileReference; lastKnownFileType = folder.assetcatalog; path = Assets.xcassets; sourceTree = "<group>"; };
		BCB3EBFC1FA95DBA002F21A0 /* Base */ = {isa = PBXFileReference; lastKnownFileType = file.storyboard; name = Base; path = Base.lproj/LaunchScreen.storyboard; sourceTree = "<group>"; };
		BCB3EBFE1FA95DBA002F21A0 /* Info.plist */ = {isa = PBXFileReference; lastKnownFileType = text.plist.xml; path = Info.plist; sourceTree = "<group>"; };
		BCB3EC041FA95EBF002F21A0 /* SquadViewController.swift */ = {isa = PBXFileReference; lastKnownFileType = sourcecode.swift; path = SquadViewController.swift; sourceTree = "<group>"; };
		BCB3EC061FA95FE0002F21A0 /* SquadNameCell.swift */ = {isa = PBXFileReference; lastKnownFileType = sourcecode.swift; path = SquadNameCell.swift; sourceTree = "<group>"; };
		BCB3EC081FA96019002F21A0 /* ChallengeCell.swift */ = {isa = PBXFileReference; lastKnownFileType = sourcecode.swift; path = ChallengeCell.swift; sourceTree = "<group>"; };
		BCB3EC0A1FA96023002F21A0 /* WagerCell.swift */ = {isa = PBXFileReference; lastKnownFileType = sourcecode.swift; path = WagerCell.swift; sourceTree = "<group>"; };
		BCB3EC0C1FA96035002F21A0 /* MemberCell.swift */ = {isa = PBXFileReference; lastKnownFileType = sourcecode.swift; path = MemberCell.swift; sourceTree = "<group>"; };
		BCB3EC0E1FA96B1D002F21A0 /* Squad.swift */ = {isa = PBXFileReference; lastKnownFileType = sourcecode.swift; path = Squad.swift; sourceTree = "<group>"; };
		BCB3EC101FAA28A2002F21A0 /* TrackViewController.swift */ = {isa = PBXFileReference; lastKnownFileType = sourcecode.swift; path = TrackViewController.swift; sourceTree = "<group>"; };
/* End PBXFileReference section */

/* Begin PBXFrameworksBuildPhase section */
		BCB3EBEC1FA95DBA002F21A0 /* Frameworks */ = {
			isa = PBXFrameworksBuildPhase;
			buildActionMask = 2147483647;
			files = (
			);
			runOnlyForDeploymentPostprocessing = 0;
		};
/* End PBXFrameworksBuildPhase section */

/* Begin PBXGroup section */
		BCB3EBE61FA95DB9002F21A0 = {
			isa = PBXGroup;
			children = (
				BCB3EBF11FA95DBA002F21A0 /* squad */,
				BCB3EBF01FA95DBA002F21A0 /* Products */,
			);
			sourceTree = "<group>";
		};
		BCB3EBF01FA95DBA002F21A0 /* Products */ = {
			isa = PBXGroup;
			children = (
				BCB3EBEF1FA95DBA002F21A0 /* squad.app */,
			);
			name = Products;
			sourceTree = "<group>";
		};
		BCB3EBF11FA95DBA002F21A0 /* squad */ = {
			isa = PBXGroup;
			children = (
				BCB3EBF21FA95DBA002F21A0 /* AppDelegate.swift */,
				BCB3EBF41FA95DBA002F21A0 /* LoginViewController.swift */,
				BCB3EBF61FA95DBA002F21A0 /* Main.storyboard */,
				BCB3EC101FAA28A2002F21A0 /* TrackViewController.swift */,
				BCB3EC081FA96019002F21A0 /* ChallengeCell.swift */,
				BCB3EC0A1FA96023002F21A0 /* WagerCell.swift */,
				BCB3EC0C1FA96035002F21A0 /* MemberCell.swift */,
				BCB3EC061FA95FE0002F21A0 /* SquadNameCell.swift */,
				BCB3EC041FA95EBF002F21A0 /* SquadViewController.swift */,
				BCB3EC0E1FA96B1D002F21A0 /* Squad.swift */,
				BCB3EBF91FA95DBA002F21A0 /* Assets.xcassets */,
				BCB3EBFB1FA95DBA002F21A0 /* LaunchScreen.storyboard */,
				BCB3EBFE1FA95DBA002F21A0 /* Info.plist */,
			);
			path = squad;
			sourceTree = "<group>";
		};
/* End PBXGroup section */

/* Begin PBXNativeTarget section */
		BCB3EBEE1FA95DBA002F21A0 /* squad */ = {
			isa = PBXNativeTarget;
			buildConfigurationList = BCB3EC011FA95DBA002F21A0 /* Build configuration list for PBXNativeTarget "squad" */;
			buildPhases = (
				BCB3EBEB1FA95DBA002F21A0 /* Sources */,
				BCB3EBEC1FA95DBA002F21A0 /* Frameworks */,
				BCB3EBED1FA95DBA002F21A0 /* Resources */,
			);
			buildRules = (
			);
			dependencies = (
			);
			name = squad;
			productName = squad;
			productReference = BCB3EBEF1FA95DBA002F21A0 /* squad.app */;
			productType = "com.apple.product-type.application";
		};
/* End PBXNativeTarget section */

/* Begin PBXProject section */
		BCB3EBE71FA95DB9002F21A0 /* Project object */ = {
			isa = PBXProject;
			attributes = {
				LastSwiftUpdateCheck = 0900;
				LastUpgradeCheck = 0900;
				ORGANIZATIONNAME = "Grayson Wise";
				TargetAttributes = {
					BCB3EBEE1FA95DBA002F21A0 = {
						CreatedOnToolsVersion = 9.0.1;
						ProvisioningStyle = Automatic;
					};
				};
			};
			buildConfigurationList = BCB3EBEA1FA95DB9002F21A0 /* Build configuration list for PBXProject "squad" */;
			compatibilityVersion = "Xcode 8.0";
			developmentRegion = en;
			hasScannedForEncodings = 0;
			knownRegions = (
				en,
				Base,
			);
			mainGroup = BCB3EBE61FA95DB9002F21A0;
			productRefGroup = BCB3EBF01FA95DBA002F21A0 /* Products */;
			projectDirPath = "";
			projectRoot = "";
			targets = (
				BCB3EBEE1FA95DBA002F21A0 /* squad */,
			);
		};
/* End PBXProject section */

/* Begin PBXResourcesBuildPhase section */
		BCB3EBED1FA95DBA002F21A0 /* Resources */ = {
			isa = PBXResourcesBuildPhase;
			buildActionMask = 2147483647;
			files = (
				BCB3EBFD1FA95DBA002F21A0 /* LaunchScreen.storyboard in Resources */,
				BCB3EBFA1FA95DBA002F21A0 /* Assets.xcassets in Resources */,
				BCB3EBF81FA95DBA002F21A0 /* Main.storyboard in Resources */,
			);
			runOnlyForDeploymentPostprocessing = 0;
		};
/* End PBXResourcesBuildPhase section */

/* Begin PBXSourcesBuildPhase section */
		BCB3EBEB1FA95DBA002F21A0 /* Sources */ = {
			isa = PBXSourcesBuildPhase;
			buildActionMask = 2147483647;
			files = (
				BCB3EC0B1FA96024002F21A0 /* WagerCell.swift in Sources */,
				BCB3EC111FAA28A2002F21A0 /* TrackViewController.swift in Sources */,
				BCB3EC091FA96019002F21A0 /* ChallengeCell.swift in Sources */,
				BCB3EC051FA95EBF002F21A0 /* SquadViewController.swift in Sources */,
				BCB3EC071FA95FE0002F21A0 /* SquadNameCell.swift in Sources */,
				BCB3EC0F1FA96B1D002F21A0 /* Squad.swift in Sources */,
				BCB3EC0D1FA96035002F21A0 /* MemberCell.swift in Sources */,
				BCB3EBF51FA95DBA002F21A0 /* LoginViewController.swift in Sources */,
				BCB3EBF31FA95DBA002F21A0 /* AppDelegate.swift in Sources */,
			);
			runOnlyForDeploymentPostprocessing = 0;
		};
/* End PBXSourcesBuildPhase section */

/* Begin PBXVariantGroup section */
		BCB3EBF61FA95DBA002F21A0 /* Main.storyboard */ = {
			isa = PBXVariantGroup;
			children = (
				BCB3EBF71FA95DBA002F21A0 /* Base */,
			);
			name = Main.storyboard;
			sourceTree = "<group>";
		};
		BCB3EBFB1FA95DBA002F21A0 /* LaunchScreen.storyboard */ = {
			isa = PBXVariantGroup;
			children = (
				BCB3EBFC1FA95DBA002F21A0 /* Base */,
			);
			name = LaunchScreen.storyboard;
			sourceTree = "<group>";
		};
/* End PBXVariantGroup section */

/* Begin XCBuildConfiguration section */
		BCB3EBFF1FA95DBA002F21A0 /* Debug */ = {
			isa = XCBuildConfiguration;
			buildSettings = {
				ALWAYS_SEARCH_USER_PATHS = NO;
				CLANG_ANALYZER_NONNULL = YES;
				CLANG_ANALYZER_NUMBER_OBJECT_CONVERSION = YES_AGGRESSIVE;
				CLANG_CXX_LANGUAGE_STANDARD = "gnu++14";
				CLANG_CXX_LIBRARY = "libc++";
				CLANG_ENABLE_MODULES = YES;
				CLANG_ENABLE_OBJC_ARC = YES;
				CLANG_WARN_BLOCK_CAPTURE_AUTORELEASING = YES;
				CLANG_WARN_BOOL_CONVERSION = YES;
				CLANG_WARN_COMMA = YES;
				CLANG_WARN_CONSTANT_CONVERSION = YES;
				CLANG_WARN_DIRECT_OBJC_ISA_USAGE = YES_ERROR;
				CLANG_WARN_DOCUMENTATION_COMMENTS = YES;
				CLANG_WARN_EMPTY_BODY = YES;
				CLANG_WARN_ENUM_CONVERSION = YES;
				CLANG_WARN_INFINITE_RECURSION = YES;
				CLANG_WARN_INT_CONVERSION = YES;
				CLANG_WARN_NON_LITERAL_NULL_CONVERSION = YES;
				CLANG_WARN_OBJC_LITERAL_CONVERSION = YES;
				CLANG_WARN_OBJC_ROOT_CLASS = YES_ERROR;
				CLANG_WARN_RANGE_LOOP_ANALYSIS = YES;
				CLANG_WARN_STRICT_PROTOTYPES = YES;
				CLANG_WARN_SUSPICIOUS_MOVE = YES;
				CLANG_WARN_UNGUARDED_AVAILABILITY = YES_AGGRESSIVE;
				CLANG_WARN_UNREACHABLE_CODE = YES;
				CLANG_WARN__DUPLICATE_METHOD_MATCH = YES;
				CODE_SIGN_IDENTITY = "iPhone Developer";
				COPY_PHASE_STRIP = NO;
				DEBUG_INFORMATION_FORMAT = dwarf;
				ENABLE_STRICT_OBJC_MSGSEND = YES;
				ENABLE_TESTABILITY = YES;
				GCC_C_LANGUAGE_STANDARD = gnu11;
				GCC_DYNAMIC_NO_PIC = NO;
				GCC_NO_COMMON_BLOCKS = YES;
				GCC_OPTIMIZATION_LEVEL = 0;
				GCC_PREPROCESSOR_DEFINITIONS = (
					"DEBUG=1",
					"$(inherited)",
				);
				GCC_WARN_64_TO_32_BIT_CONVERSION = YES;
				GCC_WARN_ABOUT_RETURN_TYPE = YES_ERROR;
				GCC_WARN_UNDECLARED_SELECTOR = YES;
				GCC_WARN_UNINITIALIZED_AUTOS = YES_AGGRESSIVE;
				GCC_WARN_UNUSED_FUNCTION = YES;
				GCC_WARN_UNUSED_VARIABLE = YES;
				IPHONEOS_DEPLOYMENT_TARGET = 11.0;
				MTL_ENABLE_DEBUG_INFO = YES;
				ONLY_ACTIVE_ARCH = YES;
				SDKROOT = iphoneos;
				SWIFT_ACTIVE_COMPILATION_CONDITIONS = DEBUG;
				SWIFT_OPTIMIZATION_LEVEL = "-Onone";
			};
			name = Debug;
		};
		BCB3EC001FA95DBA002F21A0 /* Release */ = {
			isa = XCBuildConfiguration;
			buildSettings = {
				ALWAYS_SEARCH_USER_PATHS = NO;
				CLANG_ANALYZER_NONNULL = YES;
				CLANG_ANALYZER_NUMBER_OBJECT_CONVERSION = YES_AGGRESSIVE;
				CLANG_CXX_LANGUAGE_STANDARD = "gnu++14";
				CLANG_CXX_LIBRARY = "libc++";
				CLANG_ENABLE_MODULES = YES;
				CLANG_ENABLE_OBJC_ARC = YES;
				CLANG_WARN_BLOCK_CAPTURE_AUTORELEASING = YES;
				CLANG_WARN_BOOL_CONVERSION = YES;
				CLANG_WARN_COMMA = YES;
				CLANG_WARN_CONSTANT_CONVERSION = YES;
				CLANG_WARN_DIRECT_OBJC_ISA_USAGE = YES_ERROR;
				CLANG_WARN_DOCUMENTATION_COMMENTS = YES;
				CLANG_WARN_EMPTY_BODY = YES;
				CLANG_WARN_ENUM_CONVERSION = YES;
				CLANG_WARN_INFINITE_RECURSION = YES;
				CLANG_WARN_INT_CONVERSION = YES;
				CLANG_WARN_NON_LITERAL_NULL_CONVERSION = YES;
				CLANG_WARN_OBJC_LITERAL_CONVERSION = YES;
				CLANG_WARN_OBJC_ROOT_CLASS = YES_ERROR;
				CLANG_WARN_RANGE_LOOP_ANALYSIS = YES;
				CLANG_WARN_STRICT_PROTOTYPES = YES;
				CLANG_WARN_SUSPICIOUS_MOVE = YES;
				CLANG_WARN_UNGUARDED_AVAILABILITY = YES_AGGRESSIVE;
				CLANG_WARN_UNREACHABLE_CODE = YES;
				CLANG_WARN__DUPLICATE_METHOD_MATCH = YES;
				CODE_SIGN_IDENTITY = "iPhone Developer";
				COPY_PHASE_STRIP = NO;
				DEBUG_INFORMATION_FORMAT = "dwarf-with-dsym";
				ENABLE_NS_ASSERTIONS = NO;
				ENABLE_STRICT_OBJC_MSGSEND = YES;
				GCC_C_LANGUAGE_STANDARD = gnu11;
				GCC_NO_COMMON_BLOCKS = YES;
				GCC_WARN_64_TO_32_BIT_CONVERSION = YES;
				GCC_WARN_ABOUT_RETURN_TYPE = YES_ERROR;
				GCC_WARN_UNDECLARED_SELECTOR = YES;
				GCC_WARN_UNINITIALIZED_AUTOS = YES_AGGRESSIVE;
				GCC_WARN_UNUSED_FUNCTION = YES;
				GCC_WARN_UNUSED_VARIABLE = YES;
				IPHONEOS_DEPLOYMENT_TARGET = 11.0;
				MTL_ENABLE_DEBUG_INFO = NO;
				SDKROOT = iphoneos;
				SWIFT_OPTIMIZATION_LEVEL = "-Owholemodule";
				VALIDATE_PRODUCT = YES;
			};
			name = Release;
		};
		BCB3EC021FA95DBA002F21A0 /* Debug */ = {
			isa = XCBuildConfiguration;
			buildSettings = {
				ASSETCATALOG_COMPILER_APPICON_NAME = AppIcon;
				CODE_SIGN_STYLE = Automatic;
				DEVELOPMENT_TEAM = 74N7J3GY24;
				INFOPLIST_FILE = squad/Info.plist;
				LD_RUNPATH_SEARCH_PATHS = "$(inherited) @executable_path/Frameworks";
				PRODUCT_BUNDLE_IDENTIFIER = graykwise.squad;
				PRODUCT_NAME = "$(TARGET_NAME)";
				SWIFT_VERSION = 4.0;
				TARGETED_DEVICE_FAMILY = "1,2";
			};
			name = Debug;
		};
		BCB3EC031FA95DBA002F21A0 /* Release */ = {
			isa = XCBuildConfiguration;
			buildSettings = {
				ASSETCATALOG_COMPILER_APPICON_NAME = AppIcon;
				CODE_SIGN_STYLE = Automatic;
				DEVELOPMENT_TEAM = 74N7J3GY24;
				INFOPLIST_FILE = squad/Info.plist;
				LD_RUNPATH_SEARCH_PATHS = "$(inherited) @executable_path/Frameworks";
				PRODUCT_BUNDLE_IDENTIFIER = graykwise.squad;
				PRODUCT_NAME = "$(TARGET_NAME)";
				SWIFT_VERSION = 4.0;
				TARGETED_DEVICE_FAMILY = "1,2";
			};
			name = Release;
		};
/* End XCBuildConfiguration section */

/* Begin XCConfigurationList section */
		BCB3EBEA1FA95DB9002F21A0 /* Build configuration list for PBXProject "squad" */ = {
			isa = XCConfigurationList;
			buildConfigurations = (
				BCB3EBFF1FA95DBA002F21A0 /* Debug */,
				BCB3EC001FA95DBA002F21A0 /* Release */,
			);
			defaultConfigurationIsVisible = 0;
			defaultConfigurationName = Release;
		};
		BCB3EC011FA95DBA002F21A0 /* Build configuration list for PBXNativeTarget "squad" */ = {
			isa = XCConfigurationList;
			buildConfigurations = (
				BCB3EC021FA95DBA002F21A0 /* Debug */,
				BCB3EC031FA95DBA002F21A0 /* Release */,
			);
			defaultConfigurationIsVisible = 0;
			defaultConfigurationName = Release;
		};
/* End XCConfigurationList section */
	};
	rootObject = BCB3EBE71FA95DB9002F21A0 /* Project object */;
}
